
Microsoft Visual Studio Solution File, Format Version 12.00
# Visual Studio Version 16
VisualStudioVersion = 16.0.31515.178
MinimumVisualStudioVersion = 10.0.40219.1
Project("{FAE04EC0-301F-11D3-BF4B-00C04F79EFBC}") = "NetTest", "NetTest.csproj", "{E37AA605-5065-4222-B9C3-5BB722CFF10E}"
EndProject
Project("{FAE04EC0-301F-11D3-BF4B-00C04F79EFBC}") = "NetClientTest", "..\NetClientTest\NetClientTest.csproj", "{BE1F909B-98F4-4D87-B14A-3E134F33E552}"
EndProject
Global
	GlobalSection(SolutionConfigurationPlatforms) = preSolution
		Debug|Any CPU = Debug|Any CPU
		Release|Any CPU = Release|Any CPU
	EndGlobalSection
	GlobalSection(ProjectConfigurationPlatforms) = postSolution
		{E37AA605-5065-4222-B9C3-5BB722CFF10E}.Debug|Any CPU.ActiveCfg = Debug|Any CPU
		{E37AA605-5065-4222-B9C3-5BB722CFF10E}.Debug|Any CPU.Build.0 = Debug|Any CPU
		{E37AA605-5065-4222-B9C3-5BB722CFF10E}.Release|Any CPU.ActiveCfg = Release|Any CPU
		{E37AA605-5065-4222-B9C3-5BB722CFF10E}.Release|Any CPU.Build.0 = Release|Any CPU
		{BE1F909B-98F4-4D87-B14A-3E134F33E552}.Debug|Any CPU.ActiveCfg = Debug|Any CPU
		{BE1F909B-98F4-4D87-B14A-3E134F33E552}.Debug|Any CPU.Build.0 = Debug|Any CPU
		{BE1F909B-98F4-4D87-B14A-3E134F33E552}.Release|Any CPU.ActiveCfg = Release|Any CPU
		{BE1F909B-98F4-4D87-B14A-3E134F33E552}.Release|Any CPU.Build.0 = Release|Any CPU
	EndGlobalSection
	GlobalSection(SolutionProperties) = preSolution
		HideSolutionNode = FALSE
	EndGlobalSection
	GlobalSection(ExtensibilityGlobals) = postSolution
		SolutionGuid = {2038C09C-9335-42FA-B3ED-1FF21DCF5A2F}
	EndGlobalSection
EndGlobal
