
Microsoft Visual Studio Solution File, Format Version 12.00
# Visual Studio Version 16
VisualStudioVersion = 16.0.31515.178
MinimumVisualStudioVersion = 10.0.40219.1
Project("{FAE04EC0-301F-11D3-BF4B-00C04F79EFBC}") = "Chatting", "Chatting.csproj", "{6CA9F2D4-95CF-4351-B9D2-8447F0C3A9EE}"
EndProject
Global
	GlobalSection(SolutionConfigurationPlatforms) = preSolution
		Debug|Any CPU = Debug|Any CPU
		Release|Any CPU = Release|Any CPU
	EndGlobalSection
	GlobalSection(ProjectConfigurationPlatforms) = postSolution
		{6CA9F2D4-95CF-4351-B9D2-8447F0C3A9EE}.Debug|Any CPU.ActiveCfg = Debug|Any CPU
		{6CA9F2D4-95CF-4351-B9D2-8447F0C3A9EE}.Debug|Any CPU.Build.0 = Debug|Any CPU
		{6CA9F2D4-95CF-4351-B9D2-8447F0C3A9EE}.Release|Any CPU.ActiveCfg = Release|Any CPU
		{6CA9F2D4-95CF-4351-B9D2-8447F0C3A9EE}.Release|Any CPU.Build.0 = Release|Any CPU
	EndGlobalSection
	GlobalSection(SolutionProperties) = preSolution
		HideSolutionNode = FALSE
	EndGlobalSection
	GlobalSection(ExtensibilityGlobals) = postSolution
		SolutionGuid = {B2311EA9-A580-4108-A45C-F6725820B722}
	EndGlobalSection
EndGlobal
